
Microsoft Visual Studio Solution File, Format Version 12.00
# Visual Studio Version 16
VisualStudioVersion = 16.0.31424.327
MinimumVisualStudioVersion = 10.0.40219.1
Project("{FAE04EC0-301F-11D3-BF4B-00C04F79EFBC}") = "TextRpg", "TextRpg\TextRpg.csproj", "{BB8BF446-DE2A-485D-884C-A8AEE024401E}"
EndProject
Global
	GlobalSection(SolutionConfigurationPlatforms) = preSolution
		Debug|Any CPU = Debug|Any CPU
		Release|Any CPU = Release|Any CPU
	EndGlobalSection
	GlobalSection(ProjectConfigurationPlatforms) = postSolution
		{BB8BF446-DE2A-485D-884C-A8AEE024401E}.Debug|Any CPU.ActiveCfg = Debug|Any CPU
		{BB8BF446-DE2A-485D-884C-A8AEE024401E}.Debug|Any CPU.Build.0 = Debug|Any CPU
		{BB8BF446-DE2A-485D-884C-A8AEE024401E}.Release|Any CPU.ActiveCfg = Release|Any CPU
		{BB8BF446-DE2A-485D-884C-A8AEE024401E}.Release|Any CPU.Build.0 = Release|Any CPU
	EndGlobalSection
	GlobalSection(SolutionProperties) = preSolution
		HideSolutionNode = FALSE
	EndGlobalSection
	GlobalSection(ExtensibilityGlobals) = postSolution
		SolutionGuid = {20771CB9-2E32-4BDE-B4C9-73E482466859}
	EndGlobalSection
EndGlobal
